
Microsoft Visual Studio Solution File, Format Version 11.00
# Visual Studio 2010
Project("{FAE04EC0-301F-11D3-BF4B-00C04F79EFBC}") = "AutoSync", "AutoSync\AutoSync.csproj", "{AA9826D9-7A5D-4069-AFF1-67A673457B53}"
EndProject
Global
	GlobalSection(SolutionConfigurationPlatforms) = preSolution
		Debug|Any CPU = Debug|Any CPU
		Release|Any CPU = Release|Any CPU
	EndGlobalSection
	GlobalSection(ProjectConfigurationPlatforms) = postSolution
		{AA9826D9-7A5D-4069-AFF1-67A673457B53}.Debug|Any CPU.ActiveCfg = Debug|Any CPU
		{AA9826D9-7A5D-4069-AFF1-67A673457B53}.Debug|Any CPU.Build.0 = Debug|Any CPU
		{AA9826D9-7A5D-4069-AFF1-67A673457B53}.Release|Any CPU.ActiveCfg = Release|Any CPU
		{AA9826D9-7A5D-4069-AFF1-67A673457B53}.Release|Any CPU.Build.0 = Release|Any CPU
	EndGlobalSection
	GlobalSection(SolutionProperties) = preSolution
		HideSolutionNode = FALSE
	EndGlobalSection
EndGlobal
